
Microsoft Visual Studio Solution File, Format Version 12.00
# Visual Studio 15
VisualStudioVersion = 15.0.27004.2005
MinimumVisualStudioVersion = 10.0.40219.1
Project("{FAE04EC0-301F-11D3-BF4B-00C04F79EFBC}") = "Linkedin.DogMeasures", "Linkedin.DogMeasures\Linkedin.DogMeasures.csproj", "{9D99D44B-8D77-492D-9F93-7D7761C943D8}"
EndProject
Project("{FAE04EC0-301F-11D3-BF4B-00C04F79EFBC}") = "Linkedin.DogMeasures.Test.MSTest", "Linkedin.DogMeasures.Test.MSTest\Linkedin.DogMeasures.Test.MSTest.csproj", "{4545306E-0C30-4D7F-A550-BFC3AA0AEA7E}"
EndProject
Global
	GlobalSection(SolutionConfigurationPlatforms) = preSolution
		Debug|Any CPU = Debug|Any CPU
		Release|Any CPU = Release|Any CPU
	EndGlobalSection
	GlobalSection(ProjectConfigurationPlatforms) = postSolution
		{9D99D44B-8D77-492D-9F93-7D7761C943D8}.Debug|Any CPU.ActiveCfg = Debug|Any CPU
		{9D99D44B-8D77-492D-9F93-7D7761C943D8}.Debug|Any CPU.Build.0 = Debug|Any CPU
		{9D99D44B-8D77-492D-9F93-7D7761C943D8}.Release|Any CPU.ActiveCfg = Release|Any CPU
		{9D99D44B-8D77-492D-9F93-7D7761C943D8}.Release|Any CPU.Build.0 = Release|Any CPU
		{4545306E-0C30-4D7F-A550-BFC3AA0AEA7E}.Debug|Any CPU.ActiveCfg = Debug|Any CPU
		{4545306E-0C30-4D7F-A550-BFC3AA0AEA7E}.Debug|Any CPU.Build.0 = Debug|Any CPU
		{4545306E-0C30-4D7F-A550-BFC3AA0AEA7E}.Release|Any CPU.ActiveCfg = Release|Any CPU
		{4545306E-0C30-4D7F-A550-BFC3AA0AEA7E}.Release|Any CPU.Build.0 = Release|Any CPU
	EndGlobalSection
	GlobalSection(SolutionProperties) = preSolution
		HideSolutionNode = FALSE
	EndGlobalSection
	GlobalSection(ExtensibilityGlobals) = postSolution
		SolutionGuid = {C150363B-5BEB-4121-A57F-43FF39A7099E}
	EndGlobalSection
EndGlobal
